
Microsoft Visual Studio Solution File, Format Version 12.00
# Visual Studio Version 16
VisualStudioVersion = 16.0.30503.244
MinimumVisualStudioVersion = 10.0.40219.1
Project("{FAE04EC0-301F-11D3-BF4B-00C04F79EFBC}") = "CompoundSimulator.TestClient", "CompoundSimulator.TestClient\CompoundSimulator.TestClient.csproj", "{3634927C-7B66-4787-BA8C-54165BAAD2D2}"
EndProject
Project("{FAE04EC0-301F-11D3-BF4B-00C04F79EFBC}") = "CompoundSimulator.Library", "CompoundSimulator.Library\CompoundSimulator.Library.csproj", "{7EAAC826-9CB6-4578-ACB6-BC9E7DFC10FF}"
EndProject
Global
	GlobalSection(SolutionConfigurationPlatforms) = preSolution
		Debug|Any CPU = Debug|Any CPU
		Release|Any CPU = Release|Any CPU
	EndGlobalSection
	GlobalSection(ProjectConfigurationPlatforms) = postSolution
		{3634927C-7B66-4787-BA8C-54165BAAD2D2}.Debug|Any CPU.ActiveCfg = Debug|Any CPU
		{3634927C-7B66-4787-BA8C-54165BAAD2D2}.Debug|Any CPU.Build.0 = Debug|Any CPU
		{3634927C-7B66-4787-BA8C-54165BAAD2D2}.Release|Any CPU.ActiveCfg = Release|Any CPU
		{3634927C-7B66-4787-BA8C-54165BAAD2D2}.Release|Any CPU.Build.0 = Release|Any CPU
		{7EAAC826-9CB6-4578-ACB6-BC9E7DFC10FF}.Debug|Any CPU.ActiveCfg = Debug|Any CPU
		{7EAAC826-9CB6-4578-ACB6-BC9E7DFC10FF}.Debug|Any CPU.Build.0 = Debug|Any CPU
		{7EAAC826-9CB6-4578-ACB6-BC9E7DFC10FF}.Release|Any CPU.ActiveCfg = Release|Any CPU
		{7EAAC826-9CB6-4578-ACB6-BC9E7DFC10FF}.Release|Any CPU.Build.0 = Release|Any CPU
	EndGlobalSection
	GlobalSection(SolutionProperties) = preSolution
		HideSolutionNode = FALSE
	EndGlobalSection
	GlobalSection(ExtensibilityGlobals) = postSolution
		SolutionGuid = {6B8D801A-C728-474E-AA81-115A1448106A}
	EndGlobalSection
EndGlobal
